// !$*UTF8*$!
{
	archiveVersion = 1;
	classes = {
	};
	objectVersion = 56;
	objects = {

/* Begin PBXBuildFile section */
		801182EC2D623BF30070E920 /* login.png in Resources */ = {isa = PBXBuildFile; fileRef = 801182E92D623BF30070E920 /* login.png */; };
		801182ED2D623BF30070E920 /* home.png in Resources */ = {isa = PBXBuildFile; fileRef = 801182EA2D623BF30070E920 /* home.png */; };
		801182EE2D623BF30070E920 /* search.png in Resources */ = {isa = PBXBuildFile; fileRef = 801182EB2D623BF30070E920 /* search.png */; };
		806AF4BF2D2C039400BF2AB5 /* AppDelegate.swift in Sources */ = {isa = PBXBuildFile; fileRef = 806AF4BE2D2C039400BF2AB5 /* AppDelegate.swift */; };
		806AF4C12D2C039400BF2AB5 /* SceneDelegate.swift in Sources */ = {isa = PBXBuildFile; fileRef = 806AF4C02D2C039400BF2AB5 /* SceneDelegate.swift */; };
		806AF4C32D2C039400BF2AB5 /* ViewController.swift in Sources */ = {isa = PBXBuildFile; fileRef = 806AF4C22D2C039400BF2AB5 /* ViewController.swift */; };
		806AF4C62D2C039400BF2AB5 /* Base in Resources */ = {isa = PBXBuildFile; fileRef = 806AF4C52D2C039400BF2AB5 /* Base */; };
		806AF4C82D2C039600BF2AB5 /* Assets.xcassets in Resources */ = {isa = PBXBuildFile; fileRef = 806AF4C72D2C039600BF2AB5 /* Assets.xcassets */; };
		806AF4CB2D2C039600BF2AB5 /* Base in Resources */ = {isa = PBXBuildFile; fileRef = 806AF4CA2D2C039600BF2AB5 /* Base */; };
		806AF4D32D2C03FC00BF2AB5 /* CountryList.swift in Sources */ = {isa = PBXBuildFile; fileRef = 806AF4D22D2C03FC00BF2AB5 /* CountryList.swift */; };
		806AF4D72D2C0D8E00BF2AB5 /* CountryCell.xib in Resources */ = {isa = PBXBuildFile; fileRef = 806AF4D62D2C0D8E00BF2AB5 /* CountryCell.xib */; };
		806AF4D82D2C0D8E00BF2AB5 /* CountryCell.swift in Sources */ = {isa = PBXBuildFile; fileRef = 806AF4D52D2C0D8E00BF2AB5 /* CountryCell.swift */; };
		889609D92AF84E654E0A8CD6 /* Pods_PrismaTest.framework in Frameworks */ = {isa = PBXBuildFile; fileRef = 513017B7AF9CB4F9D785F07D /* Pods_PrismaTest.framework */; };
/* End PBXBuildFile section */

/* Begin PBXFileReference section */
		19BC413A4FAAAD7683D832A0 /* Pods-PrismaTest.release.xcconfig */ = {isa = PBXFileReference; includeInIndex = 1; lastKnownFileType = text.xcconfig; name = "Pods-PrismaTest.release.xcconfig"; path = "Target Support Files/Pods-PrismaTest/Pods-PrismaTest.release.xcconfig"; sourceTree = "<group>"; };
		513017B7AF9CB4F9D785F07D /* Pods_PrismaTest.framework */ = {isa = PBXFileReference; explicitFileType = wrapper.framework; includeInIndex = 0; path = Pods_PrismaTest.framework; sourceTree = BUILT_PRODUCTS_DIR; };
		801182E92D623BF30070E920 /* login.png */ = {isa = PBXFileReference; lastKnownFileType = image.png; path = login.png; sourceTree = "<group>"; };
		801182EA2D623BF30070E920 /* home.png */ = {isa = PBXFileReference; lastKnownFileType = image.png; path = home.png; sourceTree = "<group>"; };
		801182EB2D623BF30070E920 /* search.png */ = {isa = PBXFileReference; lastKnownFileType = image.png; path = search.png; sourceTree = "<group>"; };
		806AF4BB2D2C039400BF2AB5 /* PrismaTest.app */ = {isa = PBXFileReference; explicitFileType = wrapper.application; includeInIndex = 0; path = PrismaTest.app; sourceTree = BUILT_PRODUCTS_DIR; };
		806AF4BE2D2C039400BF2AB5 /* AppDelegate.swift */ = {isa = PBXFileReference; lastKnownFileType = sourcecode.swift; path = AppDelegate.swift; sourceTree = "<group>"; };
		806AF4C02D2C039400BF2AB5 /* SceneDelegate.swift */ = {isa = PBXFileReference; lastKnownFileType = sourcecode.swift; path = SceneDelegate.swift; sourceTree = "<group>"; };
		806AF4C22D2C039400BF2AB5 /* ViewController.swift */ = {isa = PBXFileReference; lastKnownFileType = sourcecode.swift; path = ViewController.swift; sourceTree = "<group>"; };
		806AF4C52D2C039400BF2AB5 /* Base */ = {isa = PBXFileReference; lastKnownFileType = file.storyboard; name = Base; path = Base.lproj/Main.storyboard; sourceTree = "<group>"; };
		806AF4C72D2C039600BF2AB5 /* Assets.xcassets */ = {isa = PBXFileReference; lastKnownFileType = folder.assetcatalog; path = Assets.xcassets; sourceTree = "<group>"; };
		806AF4CA2D2C039600BF2AB5 /* Base */ = {isa = PBXFileReference; lastKnownFileType = file.storyboard; name = Base; path = Base.lproj/LaunchScreen.storyboard; sourceTree = "<group>"; };
		806AF4CC2D2C039600BF2AB5 /* Info.plist */ = {isa = PBXFileReference; lastKnownFileType = text.plist.xml; path = Info.plist; sourceTree = "<group>"; };
		806AF4D22D2C03FC00BF2AB5 /* CountryList.swift */ = {isa = PBXFileReference; lastKnownFileType = sourcecode.swift; path = CountryList.swift; sourceTree = "<group>"; };
		806AF4D52D2C0D8E00BF2AB5 /* CountryCell.swift */ = {isa = PBXFileReference; lastKnownFileType = sourcecode.swift; path = CountryCell.swift; sourceTree = "<group>"; };
		806AF4D62D2C0D8E00BF2AB5 /* CountryCell.xib */ = {isa = PBXFileReference; lastKnownFileType = file.xib; path = CountryCell.xib; sourceTree = "<group>"; };
		D8CC1847865ABBEA42CABFFF /* Pods-PrismaTest.debug.xcconfig */ = {isa = PBXFileReference; includeInIndex = 1; lastKnownFileType = text.xcconfig; name = "Pods-PrismaTest.debug.xcconfig"; path = "Target Support Files/Pods-PrismaTest/Pods-PrismaTest.debug.xcconfig"; sourceTree = "<group>"; };
/* End PBXFileReference section */

/* Begin PBXFrameworksBuildPhase section */
		806AF4B82D2C039400BF2AB5 /* Frameworks */ = {
			isa = PBXFrameworksBuildPhase;
			buildActionMask = 2147483647;
			files = (
				889609D92AF84E654E0A8CD6 /* Pods_PrismaTest.framework in Frameworks */,
			);
			runOnlyForDeploymentPostprocessing = 0;
		};
/* End PBXFrameworksBuildPhase section */

/* Begin PBXGroup section */
		801182E82D623AE30070E920 /* screenshots */ = {
			isa = PBXGroup;
			children = (
				801182E92D623BF30070E920 /* login.png */,
				801182EA2D623BF30070E920 /* home.png */,
				801182EB2D623BF30070E920 /* search.png */,
			);
			path = screenshots;
			sourceTree = "<group>";
		};
		806AF4B22D2C039300BF2AB5 = {
			isa = PBXGroup;
			children = (
				806AF4BD2D2C039400BF2AB5 /* PrismaTest */,
				806AF4BC2D2C039400BF2AB5 /* Products */,
				FD6805AD71EB1CBB00E4B6D4 /* Pods */,
				D5A85A036E1FA595FA011467 /* Frameworks */,
			);
			sourceTree = "<group>";
		};
		806AF4BC2D2C039400BF2AB5 /* Products */ = {
			isa = PBXGroup;
			children = (
				806AF4BB2D2C039400BF2AB5 /* PrismaTest.app */,
			);
			name = Products;
			sourceTree = "<group>";
		};
		806AF4BD2D2C039400BF2AB5 /* PrismaTest */ = {
			isa = PBXGroup;
			children = (
				801182E82D623AE30070E920 /* screenshots */,
				806AF4D42D2C0D5F00BF2AB5 /* customCell */,
				806AF4BE2D2C039400BF2AB5 /* AppDelegate.swift */,
				806AF4C02D2C039400BF2AB5 /* SceneDelegate.swift */,
				806AF4C22D2C039400BF2AB5 /* ViewController.swift */,
				806AF4D22D2C03FC00BF2AB5 /* CountryList.swift */,
				806AF4C42D2C039400BF2AB5 /* Main.storyboard */,
				806AF4C72D2C039600BF2AB5 /* Assets.xcassets */,
				806AF4C92D2C039600BF2AB5 /* LaunchScreen.storyboard */,
				806AF4CC2D2C039600BF2AB5 /* Info.plist */,
			);
			path = PrismaTest;
			sourceTree = "<group>";
		};
		806AF4D42D2C0D5F00BF2AB5 /* customCell */ = {
			isa = PBXGroup;
			children = (
				806AF4D52D2C0D8E00BF2AB5 /* CountryCell.swift */,
				806AF4D62D2C0D8E00BF2AB5 /* CountryCell.xib */,
			);
			path = customCell;
			sourceTree = "<group>";
		};
		D5A85A036E1FA595FA011467 /* Frameworks */ = {
			isa = PBXGroup;
			children = (
				513017B7AF9CB4F9D785F07D /* Pods_PrismaTest.framework */,
			);
			name = Frameworks;
			sourceTree = "<group>";
		};
		FD6805AD71EB1CBB00E4B6D4 /* Pods */ = {
			isa = PBXGroup;
			children = (
				D8CC1847865ABBEA42CABFFF /* Pods-PrismaTest.debug.xcconfig */,
				19BC413A4FAAAD7683D832A0 /* Pods-PrismaTest.release.xcconfig */,
			);
			path = Pods;
			sourceTree = "<group>";
		};
/* End PBXGroup section */

/* Begin PBXNativeTarget section */
		806AF4BA2D2C039400BF2AB5 /* PrismaTest */ = {
			isa = PBXNativeTarget;
			buildConfigurationList = 806AF4CF2D2C039600BF2AB5 /* Build configuration list for PBXNativeTarget "PrismaTest" */;
			buildPhases = (
				F8644B1B563F6BF16D020E33 /* [CP] Check Pods Manifest.lock */,
				806AF4B72D2C039400BF2AB5 /* Sources */,
				806AF4B82D2C039400BF2AB5 /* Frameworks */,
				806AF4B92D2C039400BF2AB5 /* Resources */,
				32D13E05E3A8877E181D1059 /* [CP] Embed Pods Frameworks */,
			);
			buildRules = (
			);
			dependencies = (
			);
			name = PrismaTest;
			productName = PrismaTest;
			productReference = 806AF4BB2D2C039400BF2AB5 /* PrismaTest.app */;
			productType = "com.apple.product-type.application";
		};
/* End PBXNativeTarget section */

/* Begin PBXProject section */
		806AF4B32D2C039300BF2AB5 /* Project object */ = {
			isa = PBXProject;
			attributes = {
				BuildIndependentTargetsInParallel = 1;
				LastSwiftUpdateCheck = 1540;
				LastUpgradeCheck = 1540;
				TargetAttributes = {
					806AF4BA2D2C039400BF2AB5 = {
						CreatedOnToolsVersion = 15.4;
					};
				};
			};
			buildConfigurationList = 806AF4B62D2C039300BF2AB5 /* Build configuration list for PBXProject "PrismaTest" */;
			compatibilityVersion = "Xcode 14.0";
			developmentRegion = en;
			hasScannedForEncodings = 0;
			knownRegions = (
				en,
				Base,
			);
			mainGroup = 806AF4B22D2C039300BF2AB5;
			productRefGroup = 806AF4BC2D2C039400BF2AB5 /* Products */;
			projectDirPath = "";
			projectRoot = "";
			targets = (
				806AF4BA2D2C039400BF2AB5 /* PrismaTest */,
			);
		};
/* End PBXProject section */

/* Begin PBXResourcesBuildPhase section */
		806AF4B92D2C039400BF2AB5 /* Resources */ = {
			isa = PBXResourcesBuildPhase;
			buildActionMask = 2147483647;
			files = (
				806AF4D72D2C0D8E00BF2AB5 /* CountryCell.xib in Resources */,
				806AF4C82D2C039600BF2AB5 /* Assets.xcassets in Resources */,
				806AF4CB2D2C039600BF2AB5 /* Base in Resources */,
				801182EC2D623BF30070E920 /* login.png in Resources */,
				801182ED2D623BF30070E920 /* home.png in Resources */,
				801182EE2D623BF30070E920 /* search.png in Resources */,
				806AF4C62D2C039400BF2AB5 /* Base in Resources */,
			);
			runOnlyForDeploymentPostprocessing = 0;
		};
/* End PBXResourcesBuildPhase section */

/* Begin PBXShellScriptBuildPhase section */
		32D13E05E3A8877E181D1059 /* [CP] Embed Pods Frameworks */ = {
			isa = PBXShellScriptBuildPhase;
			buildActionMask = 2147483647;
			files = (
			);
			inputFileListPaths = (
				"${PODS_ROOT}/Target Support Files/Pods-PrismaTest/Pods-PrismaTest-frameworks-${CONFIGURATION}-input-files.xcfilelist",
			);
			name = "[CP] Embed Pods Frameworks";
			outputFileListPaths = (
				"${PODS_ROOT}/Target Support Files/Pods-PrismaTest/Pods-PrismaTest-frameworks-${CONFIGURATION}-output-files.xcfilelist",
			);
			runOnlyForDeploymentPostprocessing = 0;
			shellPath = /bin/sh;
			shellScript = "\"${PODS_ROOT}/Target Support Files/Pods-PrismaTest/Pods-PrismaTest-frameworks.sh\"\n";
			showEnvVarsInLog = 0;
		};
		F8644B1B563F6BF16D020E33 /* [CP] Check Pods Manifest.lock */ = {
			isa = PBXShellScriptBuildPhase;
			buildActionMask = 2147483647;
			files = (
			);
			inputFileListPaths = (
			);
			inputPaths = (
				"${PODS_PODFILE_DIR_PATH}/Podfile.lock",
				"${PODS_ROOT}/Manifest.lock",
			);
			name = "[CP] Check Pods Manifest.lock";
			outputFileListPaths = (
			);
			outputPaths = (
				"$(DERIVED_FILE_DIR)/Pods-PrismaTest-checkManifestLockResult.txt",
			);
			runOnlyForDeploymentPostprocessing = 0;
			shellPath = /bin/sh;
			shellScript = "diff \"${PODS_PODFILE_DIR_PATH}/Podfile.lock\" \"${PODS_ROOT}/Manifest.lock\" > /dev/null\nif [ $? != 0 ] ; then\n    # print error to STDERR\n    echo \"error: The sandbox is not in sync with the Podfile.lock. Run 'pod install' or update your CocoaPods installation.\" >&2\n    exit 1\nfi\n# This output is used by Xcode 'outputs' to avoid re-running this script phase.\necho \"SUCCESS\" > \"${SCRIPT_OUTPUT_FILE_0}\"\n";
			showEnvVarsInLog = 0;
		};
/* End PBXShellScriptBuildPhase section */

/* Begin PBXSourcesBuildPhase section */
		806AF4B72D2C039400BF2AB5 /* Sources */ = {
			isa = PBXSourcesBuildPhase;
			buildActionMask = 2147483647;
			files = (
				806AF4D32D2C03FC00BF2AB5 /* CountryList.swift in Sources */,
				806AF4C32D2C039400BF2AB5 /* ViewController.swift in Sources */,
				806AF4D82D2C0D8E00BF2AB5 /* CountryCell.swift in Sources */,
				806AF4BF2D2C039400BF2AB5 /* AppDelegate.swift in Sources */,
				806AF4C12D2C039400BF2AB5 /* SceneDelegate.swift in Sources */,
			);
			runOnlyForDeploymentPostprocessing = 0;
		};
/* End PBXSourcesBuildPhase section */

/* Begin PBXVariantGroup section */
		806AF4C42D2C039400BF2AB5 /* Main.storyboard */ = {
			isa = PBXVariantGroup;
			children = (
				806AF4C52D2C039400BF2AB5 /* Base */,
			);
			name = Main.storyboard;
			sourceTree = "<group>";
		};
		806AF4C92D2C039600BF2AB5 /* LaunchScreen.storyboard */ = {
			isa = PBXVariantGroup;
			children = (
				806AF4CA2D2C039600BF2AB5 /* Base */,
			);
			name = LaunchScreen.storyboard;
			sourceTree = "<group>";
		};
/* End PBXVariantGroup section */

/* Begin XCBuildConfiguration section */
		806AF4CD2D2C039600BF2AB5 /* Debug */ = {
			isa = XCBuildConfiguration;
			buildSettings = {
				ALWAYS_SEARCH_USER_PATHS = NO;
				ASSETCATALOG_COMPILER_GENERATE_SWIFT_ASSET_SYMBOL_EXTENSIONS = YES;
				CLANG_ANALYZER_NONNULL = YES;
				CLANG_ANALYZER_NUMBER_OBJECT_CONVERSION = YES_AGGRESSIVE;
				CLANG_CXX_LANGUAGE_STANDARD = "gnu++20";
				CLANG_ENABLE_MODULES = YES;
				CLANG_ENABLE_OBJC_ARC = YES;
				CLANG_ENABLE_OBJC_WEAK = YES;
				CLANG_WARN_BLOCK_CAPTURE_AUTORELEASING = YES;
				CLANG_WARN_BOOL_CONVERSION = YES;
				CLANG_WARN_COMMA = YES;
				CLANG_WARN_CONSTANT_CONVERSION = YES;
				CLANG_WARN_DEPRECATED_OBJC_IMPLEMENTATIONS = YES;
				CLANG_WARN_DIRECT_OBJC_ISA_USAGE = YES_ERROR;
				CLANG_WARN_DOCUMENTATION_COMMENTS = YES;
				CLANG_WARN_EMPTY_BODY = YES;
				CLANG_WARN_ENUM_CONVERSION = YES;
				CLANG_WARN_INFINITE_RECURSION = YES;
				CLANG_WARN_INT_CONVERSION = YES;
				CLANG_WARN_NON_LITERAL_NULL_CONVERSION = YES;
				CLANG_WARN_OBJC_IMPLICIT_RETAIN_SELF = YES;
				CLANG_WARN_OBJC_LITERAL_CONVERSION = YES;
				CLANG_WARN_OBJC_ROOT_CLASS = YES_ERROR;
				CLANG_WARN_QUOTED_INCLUDE_IN_FRAMEWORK_HEADER = YES;
				CLANG_WARN_RANGE_LOOP_ANALYSIS = YES;
				CLANG_WARN_STRICT_PROTOTYPES = YES;
				CLANG_WARN_SUSPICIOUS_MOVE = YES;
				CLANG_WARN_UNGUARDED_AVAILABILITY = YES_AGGRESSIVE;
				CLANG_WARN_UNREACHABLE_CODE = YES;
				CLANG_WARN__DUPLICATE_METHOD_MATCH = YES;
				COPY_PHASE_STRIP = NO;
				DEBUG_INFORMATION_FORMAT = dwarf;
				ENABLE_STRICT_OBJC_MSGSEND = YES;
				ENABLE_TESTABILITY = YES;
				ENABLE_USER_SCRIPT_SANDBOXING = YES;
				GCC_C_LANGUAGE_STANDARD = gnu17;
				GCC_DYNAMIC_NO_PIC = NO;
				GCC_NO_COMMON_BLOCKS = YES;
				GCC_OPTIMIZATION_LEVEL = 0;
				GCC_PREPROCESSOR_DEFINITIONS = (
					"DEBUG=1",
					"$(inherited)",
				);
				GCC_WARN_64_TO_32_BIT_CONVERSION = YES;
				GCC_WARN_ABOUT_RETURN_TYPE = YES_ERROR;
				GCC_WARN_UNDECLARED_SELECTOR = YES;
				GCC_WARN_UNINITIALIZED_AUTOS = YES_AGGRESSIVE;
				GCC_WARN_UNUSED_FUNCTION = YES;
				GCC_WARN_UNUSED_VARIABLE = YES;
				IPHONEOS_DEPLOYMENT_TARGET = 17.5;
				LOCALIZATION_PREFERS_STRING_CATALOGS = YES;
				MTL_ENABLE_DEBUG_INFO = INCLUDE_SOURCE;
				MTL_FAST_MATH = YES;
				ONLY_ACTIVE_ARCH = YES;
				SDKROOT = iphoneos;
				SWIFT_ACTIVE_COMPILATION_CONDITIONS = "DEBUG $(inherited)";
				SWIFT_OPTIMIZATION_LEVEL = "-Onone";
			};
			name = Debug;
		};
		806AF4CE2D2C039600BF2AB5 /* Release */ = {
			isa = XCBuildConfiguration;
			buildSettings = {
				ALWAYS_SEARCH_USER_PATHS = NO;
				ASSETCATALOG_COMPILER_GENERATE_SWIFT_ASSET_SYMBOL_EXTENSIONS = YES;
				CLANG_ANALYZER_NONNULL = YES;
				CLANG_ANALYZER_NUMBER_OBJECT_CONVERSION = YES_AGGRESSIVE;
				CLANG_CXX_LANGUAGE_STANDARD = "gnu++20";
				CLANG_ENABLE_MODULES = YES;
				CLANG_ENABLE_OBJC_ARC = YES;
				CLANG_ENABLE_OBJC_WEAK = YES;
				CLANG_WARN_BLOCK_CAPTURE_AUTORELEASING = YES;
				CLANG_WARN_BOOL_CONVERSION = YES;
				CLANG_WARN_COMMA = YES;
				CLANG_WARN_CONSTANT_CONVERSION = YES;
				CLANG_WARN_DEPRECATED_OBJC_IMPLEMENTATIONS = YES;
				CLANG_WARN_DIRECT_OBJC_ISA_USAGE = YES_ERROR;
				CLANG_WARN_DOCUMENTATION_COMMENTS = YES;
				CLANG_WARN_EMPTY_BODY = YES;
				CLANG_WARN_ENUM_CONVERSION = YES;
				CLANG_WARN_INFINITE_RECURSION = YES;
				CLANG_WARN_INT_CONVERSION = YES;
				CLANG_WARN_NON_LITERAL_NULL_CONVERSION = YES;
				CLANG_WARN_OBJC_IMPLICIT_RETAIN_SELF = YES;
				CLANG_WARN_OBJC_LITERAL_CONVERSION = YES;
				CLANG_WARN_OBJC_ROOT_CLASS = YES_ERROR;
				CLANG_WARN_QUOTED_INCLUDE_IN_FRAMEWORK_HEADER = YES;
				CLANG_WARN_RANGE_LOOP_ANALYSIS = YES;
				CLANG_WARN_STRICT_PROTOTYPES = YES;
				CLANG_WARN_SUSPICIOUS_MOVE = YES;
				CLANG_WARN_UNGUARDED_AVAILABILITY = YES_AGGRESSIVE;
				CLANG_WARN_UNREACHABLE_CODE = YES;
				CLANG_WARN__DUPLICATE_METHOD_MATCH = YES;
				COPY_PHASE_STRIP = NO;
				DEBUG_INFORMATION_FORMAT = "dwarf-with-dsym";
				ENABLE_NS_ASSERTIONS = NO;
				ENABLE_STRICT_OBJC_MSGSEND = YES;
				ENABLE_USER_SCRIPT_SANDBOXING = YES;
				GCC_C_LANGUAGE_STANDARD = gnu17;
				GCC_NO_COMMON_BLOCKS = YES;
				GCC_WARN_64_TO_32_BIT_CONVERSION = YES;
				GCC_WARN_ABOUT_RETURN_TYPE = YES_ERROR;
				GCC_WARN_UNDECLARED_SELECTOR = YES;
				GCC_WARN_UNINITIALIZED_AUTOS = YES_AGGRESSIVE;
				GCC_WARN_UNUSED_FUNCTION = YES;
				GCC_WARN_UNUSED_VARIABLE = YES;
				IPHONEOS_DEPLOYMENT_TARGET = 17.5;
				LOCALIZATION_PREFERS_STRING_CATALOGS = YES;
				MTL_ENABLE_DEBUG_INFO = NO;
				MTL_FAST_MATH = YES;
				SDKROOT = iphoneos;
				SWIFT_COMPILATION_MODE = wholemodule;
				VALIDATE_PRODUCT = YES;
			};
			name = Release;
		};
		806AF4D02D2C039600BF2AB5 /* Debug */ = {
			isa = XCBuildConfiguration;
			baseConfigurationReference = D8CC1847865ABBEA42CABFFF /* Pods-PrismaTest.debug.xcconfig */;
			buildSettings = {
				ASSETCATALOG_COMPILER_APPICON_NAME = AppIcon;
				ASSETCATALOG_COMPILER_GLOBAL_ACCENT_COLOR_NAME = AccentColor;
				CODE_SIGN_STYLE = Automatic;
				CURRENT_PROJECT_VERSION = 1;
				DEVELOPMENT_TEAM = D4LZ35P99Y;
				ENABLE_USER_SCRIPT_SANDBOXING = NO;
				GENERATE_INFOPLIST_FILE = YES;
				INFOPLIST_FILE = PrismaTest/Info.plist;
				INFOPLIST_KEY_UIApplicationSupportsIndirectInputEvents = YES;
				INFOPLIST_KEY_UILaunchStoryboardName = LaunchScreen;
				INFOPLIST_KEY_UIMainStoryboardFile = Main;
				INFOPLIST_KEY_UISupportedInterfaceOrientations_iPad = "UIInterfaceOrientationPortrait UIInterfaceOrientationPortraitUpsideDown UIInterfaceOrientationLandscapeLeft UIInterfaceOrientationLandscapeRight";
				INFOPLIST_KEY_UISupportedInterfaceOrientations_iPhone = "UIInterfaceOrientationPortrait UIInterfaceOrientationLandscapeLeft UIInterfaceOrientationLandscapeRight";
				IPHONEOS_DEPLOYMENT_TARGET = 13.0;
				LD_RUNPATH_SEARCH_PATHS = (
					"$(inherited)",
					"@executable_path/Frameworks",
				);
				MARKETING_VERSION = 1.0;
				PRODUCT_BUNDLE_IDENTIFIER = com.dev.PrismaTest;
				PRODUCT_NAME = "$(TARGET_NAME)";
				SWIFT_EMIT_LOC_STRINGS = YES;
				SWIFT_VERSION = 5.0;
				TARGETED_DEVICE_FAMILY = "1,2";
			};
			name = Debug;
		};
		806AF4D12D2C039600BF2AB5 /* Release */ = {
			isa = XCBuildConfiguration;
			baseConfigurationReference = 19BC413A4FAAAD7683D832A0 /* Pods-PrismaTest.release.xcconfig */;
			buildSettings = {
				ASSETCATALOG_COMPILER_APPICON_NAME = AppIcon;
				ASSETCATALOG_COMPILER_GLOBAL_ACCENT_COLOR_NAME = AccentColor;
				CODE_SIGN_STYLE = Automatic;
				CURRENT_PROJECT_VERSION = 1;
				DEVELOPMENT_TEAM = D4LZ35P99Y;
				ENABLE_USER_SCRIPT_SANDBOXING = NO;
				GENERATE_INFOPLIST_FILE = YES;
				INFOPLIST_FILE = PrismaTest/Info.plist;
				INFOPLIST_KEY_UIApplicationSupportsIndirectInputEvents = YES;
				INFOPLIST_KEY_UILaunchStoryboardName = LaunchScreen;
				INFOPLIST_KEY_UIMainStoryboardFile = Main;
				INFOPLIST_KEY_UISupportedInterfaceOrientations_iPad = "UIInterfaceOrientationPortrait UIInterfaceOrientationPortraitUpsideDown UIInterfaceOrientationLandscapeLeft UIInterfaceOrientationLandscapeRight";
				INFOPLIST_KEY_UISupportedInterfaceOrientations_iPhone = "UIInterfaceOrientationPortrait UIInterfaceOrientationLandscapeLeft UIInterfaceOrientationLandscapeRight";
				IPHONEOS_DEPLOYMENT_TARGET = 13.0;
				LD_RUNPATH_SEARCH_PATHS = (
					"$(inherited)",
					"@executable_path/Frameworks",
				);
				MARKETING_VERSION = 1.0;
				PRODUCT_BUNDLE_IDENTIFIER = com.dev.PrismaTest;
				PRODUCT_NAME = "$(TARGET_NAME)";
				SWIFT_EMIT_LOC_STRINGS = YES;
				SWIFT_VERSION = 5.0;
				TARGETED_DEVICE_FAMILY = "1,2";
			};
			name = Release;
		};
/* End XCBuildConfiguration section */

/* Begin XCConfigurationList section */
		806AF4B62D2C039300BF2AB5 /* Build configuration list for PBXProject "PrismaTest" */ = {
			isa = XCConfigurationList;
			buildConfigurations = (
				806AF4CD2D2C039600BF2AB5 /* Debug */,
				806AF4CE2D2C039600BF2AB5 /* Release */,
			);
			defaultConfigurationIsVisible = 0;
			defaultConfigurationName = Release;
		};
		806AF4CF2D2C039600BF2AB5 /* Build configuration list for PBXNativeTarget "PrismaTest" */ = {
			isa = XCConfigurationList;
			buildConfigurations = (
				806AF4D02D2C039600BF2AB5 /* Debug */,
				806AF4D12D2C039600BF2AB5 /* Release */,
			);
			defaultConfigurationIsVisible = 0;
			defaultConfigurationName = Release;
		};
/* End XCConfigurationList section */
	};
	rootObject = 806AF4B32D2C039300BF2AB5 /* Project object */;
}
